
Microsoft Visual Studio Solution File, Format Version 12.00
# Visual Studio Version 17
VisualStudioVersion = 17.8.34525.116
MinimumVisualStudioVersion = 10.0.40219.1
Project("{9A19103F-16F7-4668-BE54-9A1E7A4F7556}") = "ContactList_WebAPI", "ContactList_WebAPI\ContactList_WebAPI.csproj", "{5D9F7C14-6646-466B-B12A-311D5A8F3C52}"
EndProject
Project("{9A19103F-16F7-4668-BE54-9A1E7A4F7556}") = "ContactList_UI", "ContactList_UI\ContactList_UI.csproj", "{E2179022-00D2-4F0A-9236-116FFBBAEC8F}"
EndProject
Project("{FAE04EC0-301F-11D3-BF4B-00C04F79EFBC}") = "ContactList_Shared", "ContactList_Shared\ContactList_Shared.csproj", "{54EFD118-1115-455D-90CA-1E1A2C30A24E}"
EndProject
Global
	GlobalSection(SolutionConfigurationPlatforms) = preSolution
		Debug|Any CPU = Debug|Any CPU
		Release|Any CPU = Release|Any CPU
	EndGlobalSection
	GlobalSection(ProjectConfigurationPlatforms) = postSolution
		{5D9F7C14-6646-466B-B12A-311D5A8F3C52}.Debug|Any CPU.ActiveCfg = Debug|Any CPU
		{5D9F7C14-6646-466B-B12A-311D5A8F3C52}.Debug|Any CPU.Build.0 = Debug|Any CPU
		{5D9F7C14-6646-466B-B12A-311D5A8F3C52}.Release|Any CPU.ActiveCfg = Release|Any CPU
		{5D9F7C14-6646-466B-B12A-311D5A8F3C52}.Release|Any CPU.Build.0 = Release|Any CPU
		{E2179022-00D2-4F0A-9236-116FFBBAEC8F}.Debug|Any CPU.ActiveCfg = Debug|Any CPU
		{E2179022-00D2-4F0A-9236-116FFBBAEC8F}.Debug|Any CPU.Build.0 = Debug|Any CPU
		{E2179022-00D2-4F0A-9236-116FFBBAEC8F}.Release|Any CPU.ActiveCfg = Release|Any CPU
		{E2179022-00D2-4F0A-9236-116FFBBAEC8F}.Release|Any CPU.Build.0 = Release|Any CPU
		{54EFD118-1115-455D-90CA-1E1A2C30A24E}.Debug|Any CPU.ActiveCfg = Debug|Any CPU
		{54EFD118-1115-455D-90CA-1E1A2C30A24E}.Debug|Any CPU.Build.0 = Debug|Any CPU
		{54EFD118-1115-455D-90CA-1E1A2C30A24E}.Release|Any CPU.ActiveCfg = Release|Any CPU
		{54EFD118-1115-455D-90CA-1E1A2C30A24E}.Release|Any CPU.Build.0 = Release|Any CPU
	EndGlobalSection
	GlobalSection(SolutionProperties) = preSolution
		HideSolutionNode = FALSE
	EndGlobalSection
	GlobalSection(ExtensibilityGlobals) = postSolution
		SolutionGuid = {7CAC9A93-C163-4B79-AF12-F1C11AC2CC96}
	EndGlobalSection
EndGlobal
